
Microsoft Visual Studio Solution File, Format Version 12.00
# Visual Studio Version 17
VisualStudioVersion = 17.14.36414.22 d17.14
MinimumVisualStudioVersion = 10.0.40219.1
Project("{FAE04EC0-301F-11D3-BF4B-00C04F79EFBC}") = "Operacao_Matematica", "Operacao_Matematica\Operacao_Matematica.csproj", "{59837EAE-D0B9-4EA0-B477-201628603A92}"
EndProject
Global
	GlobalSection(SolutionConfigurationPlatforms) = preSolution
		Debug|Any CPU = Debug|Any CPU
		Release|Any CPU = Release|Any CPU
	EndGlobalSection
	GlobalSection(ProjectConfigurationPlatforms) = postSolution
		{59837EAE-D0B9-4EA0-B477-201628603A92}.Debug|Any CPU.ActiveCfg = Debug|Any CPU
		{59837EAE-D0B9-4EA0-B477-201628603A92}.Debug|Any CPU.Build.0 = Debug|Any CPU
		{59837EAE-D0B9-4EA0-B477-201628603A92}.Release|Any CPU.ActiveCfg = Release|Any CPU
		{59837EAE-D0B9-4EA0-B477-201628603A92}.Release|Any CPU.Build.0 = Release|Any CPU
	EndGlobalSection
	GlobalSection(SolutionProperties) = preSolution
		HideSolutionNode = FALSE
	EndGlobalSection
	GlobalSection(ExtensibilityGlobals) = postSolution
		SolutionGuid = {BAA44898-96E0-443F-84D2-87431BA941AF}
	EndGlobalSection
EndGlobal
